
Microsoft Visual Studio Solution File, Format Version 12.00
# Visual Studio Version 17
VisualStudioVersion = 17.9.34728.123
MinimumVisualStudioVersion = 10.0.40219.1
Project("{FAE04EC0-301F-11D3-BF4B-00C04F79EFBC}") = "ConsoleApp45", "ConsoleApp45.csproj", "{881E7607-8E6A-4C80-8C7C-B711E687313F}"
EndProject
Global
	GlobalSection(SolutionConfigurationPlatforms) = preSolution
		Debug|Any CPU = Debug|Any CPU
		Release|Any CPU = Release|Any CPU
	EndGlobalSection
	GlobalSection(ProjectConfigurationPlatforms) = postSolution
		{881E7607-8E6A-4C80-8C7C-B711E687313F}.Debug|Any CPU.ActiveCfg = Debug|Any CPU
		{881E7607-8E6A-4C80-8C7C-B711E687313F}.Debug|Any CPU.Build.0 = Debug|Any CPU
		{881E7607-8E6A-4C80-8C7C-B711E687313F}.Release|Any CPU.ActiveCfg = Release|Any CPU
		{881E7607-8E6A-4C80-8C7C-B711E687313F}.Release|Any CPU.Build.0 = Release|Any CPU
	EndGlobalSection
	GlobalSection(SolutionProperties) = preSolution
		HideSolutionNode = FALSE
	EndGlobalSection
	GlobalSection(ExtensibilityGlobals) = postSolution
		SolutionGuid = {941C4BD3-E9B0-4355-A8EE-5D1B3E276759}
	EndGlobalSection
EndGlobal
